// !$*UTF8*$!
{
	archiveVersion = 1;
	classes = {
	};
	objectVersion = 56;
	objects = {

/* Begin PBXBuildFile section */
		126233E72A3717C50063E7B0 /* Shoes_StoreApp.swift in Sources */ = {isa = PBXBuildFile; fileRef = 126233E62A3717C50063E7B0 /* Shoes_StoreApp.swift */; };
		126233E92A3717C50063E7B0 /* ContentView.swift in Sources */ = {isa = PBXBuildFile; fileRef = 126233E82A3717C50063E7B0 /* ContentView.swift */; };
		126233EB2A3717C60063E7B0 /* Assets.xcassets in Resources */ = {isa = PBXBuildFile; fileRef = 126233EA2A3717C60063E7B0 /* Assets.xcassets */; };
		126233EE2A3717C60063E7B0 /* Preview Assets.xcassets in Resources */ = {isa = PBXBuildFile; fileRef = 126233ED2A3717C60063E7B0 /* Preview Assets.xcassets */; };
		BCE55C422A3847150028802E /* PriceContainer.swift in Sources */ = {isa = PBXBuildFile; fileRef = BCE55C412A3847150028802E /* PriceContainer.swift */; };
		BCE55C442A3856C70028802E /* SearchField.swift in Sources */ = {isa = PBXBuildFile; fileRef = BCE55C432A3856C70028802E /* SearchField.swift */; };
		BCE55C462A385BC40028802E /* RoundedCorners.swift in Sources */ = {isa = PBXBuildFile; fileRef = BCE55C452A385BC40028802E /* RoundedCorners.swift */; };
		BCE55C482A385BF60028802E /* View.swift in Sources */ = {isa = PBXBuildFile; fileRef = BCE55C472A385BF60028802E /* View.swift */; };
		BCE55C4D2A3890A10028802E /* DataProvider.swift in Sources */ = {isa = PBXBuildFile; fileRef = BCE55C4C2A3890A10028802E /* DataProvider.swift */; };
		BCE55C4F2A38AA120028802E /* HomeView.swift in Sources */ = {isa = PBXBuildFile; fileRef = BCE55C4E2A38AA120028802E /* HomeView.swift */; };
		BCE55C532A399C070028802E /* HomeViewModel.swift in Sources */ = {isa = PBXBuildFile; fileRef = BCE55C522A399C070028802E /* HomeViewModel.swift */; };
/* End PBXBuildFile section */

/* Begin PBXFileReference section */
		126233E32A3717C50063E7B0 /* Shoes Store.app */ = {isa = PBXFileReference; explicitFileType = wrapper.application; includeInIndex = 0; path = "Shoes Store.app"; sourceTree = BUILT_PRODUCTS_DIR; };
		126233E62A3717C50063E7B0 /* Shoes_StoreApp.swift */ = {isa = PBXFileReference; lastKnownFileType = sourcecode.swift; path = Shoes_StoreApp.swift; sourceTree = "<group>"; };
		126233E82A3717C50063E7B0 /* ContentView.swift */ = {isa = PBXFileReference; lastKnownFileType = sourcecode.swift; path = ContentView.swift; sourceTree = "<group>"; };
		126233EA2A3717C60063E7B0 /* Assets.xcassets */ = {isa = PBXFileReference; lastKnownFileType = folder.assetcatalog; path = Assets.xcassets; sourceTree = "<group>"; };
		126233ED2A3717C60063E7B0 /* Preview Assets.xcassets */ = {isa = PBXFileReference; lastKnownFileType = folder.assetcatalog; path = "Preview Assets.xcassets"; sourceTree = "<group>"; };
		BCE55C412A3847150028802E /* PriceContainer.swift */ = {isa = PBXFileReference; lastKnownFileType = sourcecode.swift; path = PriceContainer.swift; sourceTree = "<group>"; };
		BCE55C432A3856C70028802E /* SearchField.swift */ = {isa = PBXFileReference; lastKnownFileType = sourcecode.swift; path = SearchField.swift; sourceTree = "<group>"; };
		BCE55C452A385BC40028802E /* RoundedCorners.swift */ = {isa = PBXFileReference; lastKnownFileType = sourcecode.swift; path = RoundedCorners.swift; sourceTree = "<group>"; };
		BCE55C472A385BF60028802E /* View.swift */ = {isa = PBXFileReference; lastKnownFileType = sourcecode.swift; path = View.swift; sourceTree = "<group>"; };
		BCE55C4C2A3890A10028802E /* DataProvider.swift */ = {isa = PBXFileReference; lastKnownFileType = sourcecode.swift; path = DataProvider.swift; sourceTree = "<group>"; };
		BCE55C4E2A38AA120028802E /* HomeView.swift */ = {isa = PBXFileReference; lastKnownFileType = sourcecode.swift; path = HomeView.swift; sourceTree = "<group>"; };
		BCE55C522A399C070028802E /* HomeViewModel.swift */ = {isa = PBXFileReference; lastKnownFileType = sourcecode.swift; path = HomeViewModel.swift; sourceTree = "<group>"; };
/* End PBXFileReference section */

/* Begin PBXFrameworksBuildPhase section */
		126233E02A3717C50063E7B0 /* Frameworks */ = {
			isa = PBXFrameworksBuildPhase;
			buildActionMask = 2147483647;
			files = (
			);
			runOnlyForDeploymentPostprocessing = 0;
		};
/* End PBXFrameworksBuildPhase section */

/* Begin PBXGroup section */
		126233DA2A3717C50063E7B0 = {
			isa = PBXGroup;
			children = (
				126233E52A3717C50063E7B0 /* Shoes Store */,
				126233E42A3717C50063E7B0 /* Products */,
			);
			sourceTree = "<group>";
		};
		126233E42A3717C50063E7B0 /* Products */ = {
			isa = PBXGroup;
			children = (
				126233E32A3717C50063E7B0 /* Shoes Store.app */,
			);
			name = Products;
			sourceTree = "<group>";
		};
		126233E52A3717C50063E7B0 /* Shoes Store */ = {
			isa = PBXGroup;
			children = (
				126233E62A3717C50063E7B0 /* Shoes_StoreApp.swift */,
				126233E82A3717C50063E7B0 /* ContentView.swift */,
				126233EA2A3717C60063E7B0 /* Assets.xcassets */,
				126233EC2A3717C60063E7B0 /* Preview Content */,
				BCE55C4A2A387E660028802E /* Components */,
				BCE55C492A385C1A0028802E /* Extensions */,
				BCE55C4C2A3890A10028802E /* DataProvider.swift */,
				BCE55C502A38AA8E0028802E /* Screens */,
			);
			path = "Shoes Store";
			sourceTree = "<group>";
		};
		126233EC2A3717C60063E7B0 /* Preview Content */ = {
			isa = PBXGroup;
			children = (
				126233ED2A3717C60063E7B0 /* Preview Assets.xcassets */,
			);
			path = "Preview Content";
			sourceTree = "<group>";
		};
		BCE55C492A385C1A0028802E /* Extensions */ = {
			isa = PBXGroup;
			children = (
				BCE55C472A385BF60028802E /* View.swift */,
			);
			path = Extensions;
			sourceTree = "<group>";
		};
		BCE55C4A2A387E660028802E /* Components */ = {
			isa = PBXGroup;
			children = (
				BCE55C452A385BC40028802E /* RoundedCorners.swift */,
				BCE55C4B2A387E6E0028802E /* DesignComponents */,
			);
			path = Components;
			sourceTree = "<group>";
		};
		BCE55C4B2A387E6E0028802E /* DesignComponents */ = {
			isa = PBXGroup;
			children = (
				BCE55C412A3847150028802E /* PriceContainer.swift */,
				BCE55C432A3856C70028802E /* SearchField.swift */,
			);
			path = DesignComponents;
			sourceTree = "<group>";
		};
		BCE55C502A38AA8E0028802E /* Screens */ = {
			isa = PBXGroup;
			children = (
				BCE55C512A38AA960028802E /* Home */,
			);
			path = Screens;
			sourceTree = "<group>";
		};
		BCE55C512A38AA960028802E /* Home */ = {
			isa = PBXGroup;
			children = (
				BCE55C4E2A38AA120028802E /* HomeView.swift */,
				BCE55C522A399C070028802E /* HomeViewModel.swift */,
			);
			path = Home;
			sourceTree = "<group>";
		};
/* End PBXGroup section */

/* Begin PBXNativeTarget section */
		126233E22A3717C50063E7B0 /* Shoes Store */ = {
			isa = PBXNativeTarget;
			buildConfigurationList = 126233F12A3717C60063E7B0 /* Build configuration list for PBXNativeTarget "Shoes Store" */;
			buildPhases = (
				126233DF2A3717C50063E7B0 /* Sources */,
				126233E02A3717C50063E7B0 /* Frameworks */,
				126233E12A3717C50063E7B0 /* Resources */,
			);
			buildRules = (
			);
			dependencies = (
			);
			name = "Shoes Store";
			productName = "Shoes Store";
			productReference = 126233E32A3717C50063E7B0 /* Shoes Store.app */;
			productType = "com.apple.product-type.application";
		};
/* End PBXNativeTarget section */

/* Begin PBXProject section */
		126233DB2A3717C50063E7B0 /* Project object */ = {
			isa = PBXProject;
			attributes = {
				BuildIndependentTargetsInParallel = 1;
				LastSwiftUpdateCheck = 1400;
				LastUpgradeCheck = 1400;
				TargetAttributes = {
					126233E22A3717C50063E7B0 = {
						CreatedOnToolsVersion = 14.0;
					};
				};
			};
			buildConfigurationList = 126233DE2A3717C50063E7B0 /* Build configuration list for PBXProject "Shoes Store" */;
			compatibilityVersion = "Xcode 14.0";
			developmentRegion = en;
			hasScannedForEncodings = 0;
			knownRegions = (
				en,
				Base,
			);
			mainGroup = 126233DA2A3717C50063E7B0;
			productRefGroup = 126233E42A3717C50063E7B0 /* Products */;
			projectDirPath = "";
			projectRoot = "";
			targets = (
				126233E22A3717C50063E7B0 /* Shoes Store */,
			);
		};
/* End PBXProject section */

/* Begin PBXResourcesBuildPhase section */
		126233E12A3717C50063E7B0 /* Resources */ = {
			isa = PBXResourcesBuildPhase;
			buildActionMask = 2147483647;
			files = (
				126233EE2A3717C60063E7B0 /* Preview Assets.xcassets in Resources */,
				126233EB2A3717C60063E7B0 /* Assets.xcassets in Resources */,
			);
			runOnlyForDeploymentPostprocessing = 0;
		};
/* End PBXResourcesBuildPhase section */

/* Begin PBXSourcesBuildPhase section */
		126233DF2A3717C50063E7B0 /* Sources */ = {
			isa = PBXSourcesBuildPhase;
			buildActionMask = 2147483647;
			files = (
				BCE55C462A385BC40028802E /* RoundedCorners.swift in Sources */,
				BCE55C532A399C070028802E /* HomeViewModel.swift in Sources */,
				126233E92A3717C50063E7B0 /* ContentView.swift in Sources */,
				BCE55C482A385BF60028802E /* View.swift in Sources */,
				BCE55C4D2A3890A10028802E /* DataProvider.swift in Sources */,
				BCE55C4F2A38AA120028802E /* HomeView.swift in Sources */,
				BCE55C422A3847150028802E /* PriceContainer.swift in Sources */,
				BCE55C442A3856C70028802E /* SearchField.swift in Sources */,
				126233E72A3717C50063E7B0 /* Shoes_StoreApp.swift in Sources */,
			);
			runOnlyForDeploymentPostprocessing = 0;
		};
/* End PBXSourcesBuildPhase section */

/* Begin XCBuildConfiguration section */
		126233EF2A3717C60063E7B0 /* Debug */ = {
			isa = XCBuildConfiguration;
			buildSettings = {
				ALWAYS_SEARCH_USER_PATHS = NO;
				CLANG_ANALYZER_NONNULL = YES;
				CLANG_ANALYZER_NUMBER_OBJECT_CONVERSION = YES_AGGRESSIVE;
				CLANG_CXX_LANGUAGE_STANDARD = "gnu++20";
				CLANG_ENABLE_MODULES = YES;
				CLANG_ENABLE_OBJC_ARC = YES;
				CLANG_ENABLE_OBJC_WEAK = YES;
				CLANG_WARN_BLOCK_CAPTURE_AUTORELEASING = YES;
				CLANG_WARN_BOOL_CONVERSION = YES;
				CLANG_WARN_COMMA = YES;
				CLANG_WARN_CONSTANT_CONVERSION = YES;
				CLANG_WARN_DEPRECATED_OBJC_IMPLEMENTATIONS = YES;
				CLANG_WARN_DIRECT_OBJC_ISA_USAGE = YES_ERROR;
				CLANG_WARN_DOCUMENTATION_COMMENTS = YES;
				CLANG_WARN_EMPTY_BODY = YES;
				CLANG_WARN_ENUM_CONVERSION = YES;
				CLANG_WARN_INFINITE_RECURSION = YES;
				CLANG_WARN_INT_CONVERSION = YES;
				CLANG_WARN_NON_LITERAL_NULL_CONVERSION = YES;
				CLANG_WARN_OBJC_IMPLICIT_RETAIN_SELF = YES;
				CLANG_WARN_OBJC_LITERAL_CONVERSION = YES;
				CLANG_WARN_OBJC_ROOT_CLASS = YES_ERROR;
				CLANG_WARN_QUOTED_INCLUDE_IN_FRAMEWORK_HEADER = YES;
				CLANG_WARN_RANGE_LOOP_ANALYSIS = YES;
				CLANG_WARN_STRICT_PROTOTYPES = YES;
				CLANG_WARN_SUSPICIOUS_MOVE = YES;
				CLANG_WARN_UNGUARDED_AVAILABILITY = YES_AGGRESSIVE;
				CLANG_WARN_UNREACHABLE_CODE = YES;
				CLANG_WARN__DUPLICATE_METHOD_MATCH = YES;
				COPY_PHASE_STRIP = NO;
				DEBUG_INFORMATION_FORMAT = dwarf;
				ENABLE_STRICT_OBJC_MSGSEND = YES;
				ENABLE_TESTABILITY = YES;
				GCC_C_LANGUAGE_STANDARD = gnu11;
				GCC_DYNAMIC_NO_PIC = NO;
				GCC_NO_COMMON_BLOCKS = YES;
				GCC_OPTIMIZATION_LEVEL = 0;
				GCC_PREPROCESSOR_DEFINITIONS = (
					"DEBUG=1",
					"$(inherited)",
				);
				GCC_WARN_64_TO_32_BIT_CONVERSION = YES;
				GCC_WARN_ABOUT_RETURN_TYPE = YES_ERROR;
				GCC_WARN_UNDECLARED_SELECTOR = YES;
				GCC_WARN_UNINITIALIZED_AUTOS = YES_AGGRESSIVE;
				GCC_WARN_UNUSED_FUNCTION = YES;
				GCC_WARN_UNUSED_VARIABLE = YES;
				IPHONEOS_DEPLOYMENT_TARGET = 16.0;
				MTL_ENABLE_DEBUG_INFO = INCLUDE_SOURCE;
				MTL_FAST_MATH = YES;
				ONLY_ACTIVE_ARCH = YES;
				SDKROOT = iphoneos;
				SWIFT_ACTIVE_COMPILATION_CONDITIONS = DEBUG;
				SWIFT_OPTIMIZATION_LEVEL = "-Onone";
			};
			name = Debug;
		};
		126233F02A3717C60063E7B0 /* Release */ = {
			isa = XCBuildConfiguration;
			buildSettings = {
				ALWAYS_SEARCH_USER_PATHS = NO;
				CLANG_ANALYZER_NONNULL = YES;
				CLANG_ANALYZER_NUMBER_OBJECT_CONVERSION = YES_AGGRESSIVE;
				CLANG_CXX_LANGUAGE_STANDARD = "gnu++20";
				CLANG_ENABLE_MODULES = YES;
				CLANG_ENABLE_OBJC_ARC = YES;
				CLANG_ENABLE_OBJC_WEAK = YES;
				CLANG_WARN_BLOCK_CAPTURE_AUTORELEASING = YES;
				CLANG_WARN_BOOL_CONVERSION = YES;
				CLANG_WARN_COMMA = YES;
				CLANG_WARN_CONSTANT_CONVERSION = YES;
				CLANG_WARN_DEPRECATED_OBJC_IMPLEMENTATIONS = YES;
				CLANG_WARN_DIRECT_OBJC_ISA_USAGE = YES_ERROR;
				CLANG_WARN_DOCUMENTATION_COMMENTS = YES;
				CLANG_WARN_EMPTY_BODY = YES;
				CLANG_WARN_ENUM_CONVERSION = YES;
				CLANG_WARN_INFINITE_RECURSION = YES;
				CLANG_WARN_INT_CONVERSION = YES;
				CLANG_WARN_NON_LITERAL_NULL_CONVERSION = YES;
				CLANG_WARN_OBJC_IMPLICIT_RETAIN_SELF = YES;
				CLANG_WARN_OBJC_LITERAL_CONVERSION = YES;
				CLANG_WARN_OBJC_ROOT_CLASS = YES_ERROR;
				CLANG_WARN_QUOTED_INCLUDE_IN_FRAMEWORK_HEADER = YES;
				CLANG_WARN_RANGE_LOOP_ANALYSIS = YES;
				CLANG_WARN_STRICT_PROTOTYPES = YES;
				CLANG_WARN_SUSPICIOUS_MOVE = YES;
				CLANG_WARN_UNGUARDED_AVAILABILITY = YES_AGGRESSIVE;
				CLANG_WARN_UNREACHABLE_CODE = YES;
				CLANG_WARN__DUPLICATE_METHOD_MATCH = YES;
				COPY_PHASE_STRIP = NO;
				DEBUG_INFORMATION_FORMAT = "dwarf-with-dsym";
				ENABLE_NS_ASSERTIONS = NO;
				ENABLE_STRICT_OBJC_MSGSEND = YES;
				GCC_C_LANGUAGE_STANDARD = gnu11;
				GCC_NO_COMMON_BLOCKS = YES;
				GCC_WARN_64_TO_32_BIT_CONVERSION = YES;
				GCC_WARN_ABOUT_RETURN_TYPE = YES_ERROR;
				GCC_WARN_UNDECLARED_SELECTOR = YES;
				GCC_WARN_UNINITIALIZED_AUTOS = YES_AGGRESSIVE;
				GCC_WARN_UNUSED_FUNCTION = YES;
				GCC_WARN_UNUSED_VARIABLE = YES;
				IPHONEOS_DEPLOYMENT_TARGET = 16.0;
				MTL_ENABLE_DEBUG_INFO = NO;
				MTL_FAST_MATH = YES;
				SDKROOT = iphoneos;
				SWIFT_COMPILATION_MODE = wholemodule;
				SWIFT_OPTIMIZATION_LEVEL = "-O";
				VALIDATE_PRODUCT = YES;
			};
			name = Release;
		};
		126233F22A3717C60063E7B0 /* Debug */ = {
			isa = XCBuildConfiguration;
			buildSettings = {
				ASSETCATALOG_COMPILER_APPICON_NAME = AppIcon;
				ASSETCATALOG_COMPILER_GLOBAL_ACCENT_COLOR_NAME = AccentColor;
				CODE_SIGN_STYLE = Automatic;
				CURRENT_PROJECT_VERSION = 1;
				DEVELOPMENT_ASSET_PATHS = "\"Shoes Store/Preview Content\"";
				ENABLE_PREVIEWS = YES;
				GENERATE_INFOPLIST_FILE = YES;
				INFOPLIST_KEY_UIApplicationSceneManifest_Generation = YES;
				INFOPLIST_KEY_UIApplicationSupportsIndirectInputEvents = YES;
				INFOPLIST_KEY_UILaunchScreen_Generation = YES;
				INFOPLIST_KEY_UISupportedInterfaceOrientations_iPad = "UIInterfaceOrientationPortrait UIInterfaceOrientationPortraitUpsideDown UIInterfaceOrientationLandscapeLeft UIInterfaceOrientationLandscapeRight";
				INFOPLIST_KEY_UISupportedInterfaceOrientations_iPhone = "UIInterfaceOrientationPortrait UIInterfaceOrientationLandscapeLeft UIInterfaceOrientationLandscapeRight";
				LD_RUNPATH_SEARCH_PATHS = (
					"$(inherited)",
					"@executable_path/Frameworks",
				);
				MARKETING_VERSION = 1.0;
				PRODUCT_BUNDLE_IDENTIFIER = "com.testcompany.testproject.Shoes-Store";
				PRODUCT_NAME = "$(TARGET_NAME)";
				SWIFT_EMIT_LOC_STRINGS = YES;
				SWIFT_VERSION = 5.0;
				TARGETED_DEVICE_FAMILY = "1,2";
			};
			name = Debug;
		};
		126233F32A3717C60063E7B0 /* Release */ = {
			isa = XCBuildConfiguration;
			buildSettings = {
				ASSETCATALOG_COMPILER_APPICON_NAME = AppIcon;
				ASSETCATALOG_COMPILER_GLOBAL_ACCENT_COLOR_NAME = AccentColor;
				CODE_SIGN_STYLE = Automatic;
				CURRENT_PROJECT_VERSION = 1;
				DEVELOPMENT_ASSET_PATHS = "\"Shoes Store/Preview Content\"";
				ENABLE_PREVIEWS = YES;
				GENERATE_INFOPLIST_FILE = YES;
				INFOPLIST_KEY_UIApplicationSceneManifest_Generation = YES;
				INFOPLIST_KEY_UIApplicationSupportsIndirectInputEvents = YES;
				INFOPLIST_KEY_UILaunchScreen_Generation = YES;
				INFOPLIST_KEY_UISupportedInterfaceOrientations_iPad = "UIInterfaceOrientationPortrait UIInterfaceOrientationPortraitUpsideDown UIInterfaceOrientationLandscapeLeft UIInterfaceOrientationLandscapeRight";
				INFOPLIST_KEY_UISupportedInterfaceOrientations_iPhone = "UIInterfaceOrientationPortrait UIInterfaceOrientationLandscapeLeft UIInterfaceOrientationLandscapeRight";
				LD_RUNPATH_SEARCH_PATHS = (
					"$(inherited)",
					"@executable_path/Frameworks",
				);
				MARKETING_VERSION = 1.0;
				PRODUCT_BUNDLE_IDENTIFIER = "com.testcompany.testproject.Shoes-Store";
				PRODUCT_NAME = "$(TARGET_NAME)";
				SWIFT_EMIT_LOC_STRINGS = YES;
				SWIFT_VERSION = 5.0;
				TARGETED_DEVICE_FAMILY = "1,2";
			};
			name = Release;
		};
/* End XCBuildConfiguration section */

/* Begin XCConfigurationList section */
		126233DE2A3717C50063E7B0 /* Build configuration list for PBXProject "Shoes Store" */ = {
			isa = XCConfigurationList;
			buildConfigurations = (
				126233EF2A3717C60063E7B0 /* Debug */,
				126233F02A3717C60063E7B0 /* Release */,
			);
			defaultConfigurationIsVisible = 0;
			defaultConfigurationName = Release;
		};
		126233F12A3717C60063E7B0 /* Build configuration list for PBXNativeTarget "Shoes Store" */ = {
			isa = XCConfigurationList;
			buildConfigurations = (
				126233F22A3717C60063E7B0 /* Debug */,
				126233F32A3717C60063E7B0 /* Release */,
			);
			defaultConfigurationIsVisible = 0;
			defaultConfigurationName = Release;
		};
/* End XCConfigurationList section */
	};
	rootObject = 126233DB2A3717C50063E7B0 /* Project object */;
}
